<?xml version="1.0" encoding="utf-8"?>
<Project ToolsVersion="4.0" xmlns="http://schemas.microsoft.com/developer/msbuild/2003">
  <ItemGroup>
    <Filter Include="Source Files">
      <UniqueIdentifier>{4FC737F1-C7A5-4376-A066-2A32D752A2FF}</UniqueIdentifier>
      <Extensions>cpp;c;cc;cxx;c++;cppm;ixx;def;odl;idl;hpj;bat;asm;asmx</Extensions>
    </Filter>
    <Filter Include="Header Files">
      <UniqueIdentifier>{93995380-89BD-4b04-88EB-625FBE52EBFB}</UniqueIdentifier>
      <Extensions>h;hh;hpp;hxx;h++;hm;inl;inc;ipp;xsd</Extensions>
    </Filter>
    <Filter Include="Resource Files">
      <UniqueIdentifier>{67DA6AB6-F800-4c08-8B7A-83BB121AAD01}</UniqueIdentifier>
      <Extensions>rc;ico;cur;bmp;dlg;rc2;rct;bin;rgs;gif;jpg;jpeg;jpe;resx;tiff;tif;png;wav;mfcribbon-ms</Extensions>
    </Filter>
    <Filter Include="Mappers">
      <UniqueIdentifier>{b0337715-0072-47bc-a167-837c39806c71}</UniqueIdentifier>
    </Filter>
    <Filter Include="ImGui">
      <UniqueIdentifier>{4a90e780-af40-4e21-88a0-005a23924df3}</UniqueIdentifier>
    </Filter>
  </ItemGroup>
  <ItemGroup>
    <ClCompile Include="..\..\src\Cartridge.cpp">
      <Filter>Source Files</Filter>
    </ClCompile>
    <ClCompile Include="..\..\src\mappers\Mapper001.cpp">
      <Filter>Mappers</Filter>
    </ClCompile>
    <ClCompile Include="..\..\src\mappers\Mapper000.cpp">
      <Filter>Mappers</Filter>
    </ClCompile>
    <ClCompile Include="..\..\src\mappers\Mapper.cpp">
      <Filter>Mappers</Filter>
    </ClCompile>
    <ClCompile Include="..\..\src\Mapper_Collection.cpp">
      <Filter>Source Files</Filter>
    </ClCompile>
    <ClCompile Include="..\..\src\CPU.cpp">
      <Filter>Source Files</Filter>
    </ClCompile>
    <ClCompile Include="..\..\src\mappers\Mapper002.cpp">
      <Filter>Mappers</Filter>
    </ClCompile>
    <ClCompile Include="..\..\src\mappers\Mapper003.cpp">
      <Filter>Mappers</Filter>
    </ClCompile>
    <ClCompile Include="..\..\src\APU.cpp">
      <Filter>Source Files</Filter>
    </ClCompile>
    <ClCompile Include="..\..\src\PPU.cpp">
      <Filter>Source Files</Filter>
    </ClCompile>
    <ClCompile Include="..\..\src\Controller.cpp">
      <Filter>Source Files</Filter>
    </ClCompile>
    <ClCompile Include="..\..\src\GUI.cpp">
      <Filter>Source Files</Filter>
    </ClCompile>
    <ClCompile Include="..\..\libs\imgui\imgui.cpp">
      <Filter>ImGui</Filter>
    </ClCompile>
    <ClCompile Include="..\..\libs\imgui\imgui_draw.cpp">
      <Filter>ImGui</Filter>
    </ClCompile>
    <ClCompile Include="..\..\libs\imgui\imgui_tables.cpp">
      <Filter>ImGui</Filter>
    </ClCompile>
    <ClCompile Include="..\..\libs\imgui\imgui_widgets.cpp">
      <Filter>ImGui</Filter>
    </ClCompile>
    <ClCompile Include="..\..\libs\imgui-sfml\imgui-SFML.cpp">
      <Filter>ImGui</Filter>
    </ClCompile>
    <ClCompile Include="..\..\src\main.cpp">
      <Filter>Source Files</Filter>
    </ClCompile>
    <ClCompile Include="..\..\src\mappers\Mapper007.cpp">
      <Filter>Mappers</Filter>
    </ClCompile>
    <ClCompile Include="..\..\src\ErrorLog.cpp">
      <Filter>Source Files</Filter>
    </ClCompile>
  </ItemGroup>
  <ItemGroup>
    <ClInclude Include="..\..\src\include\custom_exceptions.h">
      <Filter>Header Files</Filter>
    </ClInclude>
    <ClInclude Include="..\..\src\include\io_util.h">
      <Filter>Header Files</Filter>
    </ClInclude>
    <ClInclude Include="..\..\src\include\Cartridge.h">
      <Filter>Header Files</Filter>
    </ClInclude>
    <ClInclude Include="..\..\src\include\mappers\Mapper001.h">
      <Filter>Mappers</Filter>
    </ClInclude>
    <ClInclude Include="..\..\src\include\mappers\Mapper.h">
      <Filter>Mappers</Filter>
    </ClInclude>
    <ClInclude Include="..\..\src\include\RomStruct.h">
      <Filter>Header Files</Filter>
    </ClInclude>
    <ClInclude Include="..\..\src\include\mappers\Mapper000.h">
      <Filter>Mappers</Filter>
    </ClInclude>
    <ClInclude Include="..\..\src\include\Mapper_Collection.h">
      <Filter>Header Files</Filter>
    </ClInclude>
    <ClInclude Include="..\..\src\include\CPU.h">
      <Filter>Header Files</Filter>
    </ClInclude>
    <ClInclude Include="..\..\src\include\CPU_Opcodes.h">
      <Filter>Header Files</Filter>
    </ClInclude>
    <ClInclude Include="..\..\src\include\APU.h">
      <Filter>Header Files</Filter>
    </ClInclude>
    <ClInclude Include="..\..\src\include\PPU.h">
      <Filter>Header Files</Filter>
    </ClInclude>
    <ClInclude Include="..\..\src\include\mappers\Mapper002.h">
      <Filter>Mappers</Filter>
    </ClInclude>
    <ClInclude Include="..\..\src\include\mappers\Mapper003.h">
      <Filter>Mappers</Filter>
    </ClInclude>
    <ClInclude Include="..\..\src\include\Controller.h">
      <Filter>Header Files</Filter>
    </ClInclude>
    <ClInclude Include="..\..\src\include\GUI.h">
      <Filter>Header Files</Filter>
    </ClInclude>
    <ClInclude Include="..\..\libs\imgui-filebrowser\imfilebrowser.h">
      <Filter>ImGui</Filter>
    </ClInclude>
    <ClInclude Include="..\..\libs\imgui\imconfig.h">
      <Filter>ImGui</Filter>
    </ClInclude>
    <ClInclude Include="..\..\libs\imgui\imgui.h">
      <Filter>ImGui</Filter>
    </ClInclude>
    <ClInclude Include="..\..\libs\imgui\imgui_internal.h">
      <Filter>ImGui</Filter>
    </ClInclude>
    <ClInclude Include="..\..\libs\imgui\imstb_rectpack.h">
      <Filter>ImGui</Filter>
    </ClInclude>
    <ClInclude Include="..\..\libs\imgui_club\imgui_memory_editor\imgui_memory_editor.h">
      <Filter>ImGui</Filter>
    </ClInclude>
    <ClInclude Include="resource.h">
      <Filter>Header Files</Filter>
    </ClInclude>
    <ClInclude Include="..\..\libs\imgui-sfml\imgui-SFML.h">
      <Filter>ImGui</Filter>
    </ClInclude>
    <ClInclude Include="..\..\libs\imgui-sfml\imgui-SFML_export.h">
      <Filter>ImGui</Filter>
    </ClInclude>
    <ClInclude Include="..\..\src\include\mappers\Mapper007.h">
      <Filter>Mappers</Filter>
    </ClInclude>
    <ClInclude Include="..\..\src\include\ErrorLog.h">
      <Filter>Header Files</Filter>
    </ClInclude>
  </ItemGroup>
  <ItemGroup>
    <ResourceCompile Include="nes.rc">
      <Filter>Resource Files</Filter>
    </ResourceCompile>
  </ItemGroup>
  <ItemGroup>
    <Image Include="nes.ico">
      <Filter>Resource Files</Filter>
    </Image>
  </ItemGroup>
</Project>